// !$*UTF8*$!
{
	archiveVersion = 1;
	classes = {
	};
	objectVersion = 50;
	objects = {

/* Begin PBXBuildFile section */
		CEC029852285646D00670037 /* AppDelegate.swift in Sources */ = {isa = PBXBuildFile; fileRef = CEC029842285646D00670037 /* AppDelegate.swift */; };
		CEC029872285646D00670037 /* ContainerViewController.swift in Sources */ = {isa = PBXBuildFile; fileRef = CEC029862285646D00670037 /* ContainerViewController.swift */; };
		CEC0298A2285646D00670037 /* Main.storyboard in Resources */ = {isa = PBXBuildFile; fileRef = CEC029882285646D00670037 /* Main.storyboard */; };
		CEC0298D2285646D00670037 /* PassDataUsingClosure1.xcdatamodeld in Sources */ = {isa = PBXBuildFile; fileRef = CEC0298B2285646D00670037 /* PassDataUsingClosure1.xcdatamodeld */; };
		CEC0298F2285646E00670037 /* Assets.xcassets in Resources */ = {isa = PBXBuildFile; fileRef = CEC0298E2285646E00670037 /* Assets.xcassets */; };
		CEC029922285646E00670037 /* LaunchScreen.storyboard in Resources */ = {isa = PBXBuildFile; fileRef = CEC029902285646E00670037 /* LaunchScreen.storyboard */; };
		CEC0299D2285646E00670037 /* PassDataUsingClosure1Tests.swift in Sources */ = {isa = PBXBuildFile; fileRef = CEC0299C2285646E00670037 /* PassDataUsingClosure1Tests.swift */; };
		CEC029A82285646E00670037 /* PassDataUsingClosure1UITests.swift in Sources */ = {isa = PBXBuildFile; fileRef = CEC029A72285646E00670037 /* PassDataUsingClosure1UITests.swift */; };
		CEC029B6228564FC00670037 /* UpViewController.swift in Sources */ = {isa = PBXBuildFile; fileRef = CEC029B5228564FC00670037 /* UpViewController.swift */; };
		CEC029B82285650600670037 /* UnderViewController.swift in Sources */ = {isa = PBXBuildFile; fileRef = CEC029B72285650600670037 /* UnderViewController.swift */; };
/* End PBXBuildFile section */

/* Begin PBXContainerItemProxy section */
		CEC029992285646E00670037 /* PBXContainerItemProxy */ = {
			isa = PBXContainerItemProxy;
			containerPortal = CEC029792285646D00670037 /* Project object */;
			proxyType = 1;
			remoteGlobalIDString = CEC029802285646D00670037;
			remoteInfo = PassDataUsingClosure1;
		};
		CEC029A42285646E00670037 /* PBXContainerItemProxy */ = {
			isa = PBXContainerItemProxy;
			containerPortal = CEC029792285646D00670037 /* Project object */;
			proxyType = 1;
			remoteGlobalIDString = CEC029802285646D00670037;
			remoteInfo = PassDataUsingClosure1;
		};
/* End PBXContainerItemProxy section */

/* Begin PBXFileReference section */
		CEC029812285646D00670037 /* PassDataUsingClosure1.app */ = {isa = PBXFileReference; explicitFileType = wrapper.application; includeInIndex = 0; path = PassDataUsingClosure1.app; sourceTree = BUILT_PRODUCTS_DIR; };
		CEC029842285646D00670037 /* AppDelegate.swift */ = {isa = PBXFileReference; lastKnownFileType = sourcecode.swift; path = AppDelegate.swift; sourceTree = "<group>"; };
		CEC029862285646D00670037 /* ContainerViewController.swift */ = {isa = PBXFileReference; lastKnownFileType = sourcecode.swift; path = ContainerViewController.swift; sourceTree = "<group>"; };
		CEC029892285646D00670037 /* Base */ = {isa = PBXFileReference; lastKnownFileType = file.storyboard; name = Base; path = Base.lproj/Main.storyboard; sourceTree = "<group>"; };
		CEC0298C2285646D00670037 /* PassDataUsingClosure1.xcdatamodel */ = {isa = PBXFileReference; lastKnownFileType = wrapper.xcdatamodel; path = PassDataUsingClosure1.xcdatamodel; sourceTree = "<group>"; };
		CEC0298E2285646E00670037 /* Assets.xcassets */ = {isa = PBXFileReference; lastKnownFileType = folder.assetcatalog; path = Assets.xcassets; sourceTree = "<group>"; };
		CEC029912285646E00670037 /* Base */ = {isa = PBXFileReference; lastKnownFileType = file.storyboard; name = Base; path = Base.lproj/LaunchScreen.storyboard; sourceTree = "<group>"; };
		CEC029932285646E00670037 /* Info.plist */ = {isa = PBXFileReference; lastKnownFileType = text.plist.xml; path = Info.plist; sourceTree = "<group>"; };
		CEC029982285646E00670037 /* PassDataUsingClosure1Tests.xctest */ = {isa = PBXFileReference; explicitFileType = wrapper.cfbundle; includeInIndex = 0; path = PassDataUsingClosure1Tests.xctest; sourceTree = BUILT_PRODUCTS_DIR; };
		CEC0299C2285646E00670037 /* PassDataUsingClosure1Tests.swift */ = {isa = PBXFileReference; lastKnownFileType = sourcecode.swift; path = PassDataUsingClosure1Tests.swift; sourceTree = "<group>"; };
		CEC0299E2285646E00670037 /* Info.plist */ = {isa = PBXFileReference; lastKnownFileType = text.plist.xml; path = Info.plist; sourceTree = "<group>"; };
		CEC029A32285646E00670037 /* PassDataUsingClosure1UITests.xctest */ = {isa = PBXFileReference; explicitFileType = wrapper.cfbundle; includeInIndex = 0; path = PassDataUsingClosure1UITests.xctest; sourceTree = BUILT_PRODUCTS_DIR; };
		CEC029A72285646E00670037 /* PassDataUsingClosure1UITests.swift */ = {isa = PBXFileReference; lastKnownFileType = sourcecode.swift; path = PassDataUsingClosure1UITests.swift; sourceTree = "<group>"; };
		CEC029A92285646E00670037 /* Info.plist */ = {isa = PBXFileReference; lastKnownFileType = text.plist.xml; path = Info.plist; sourceTree = "<group>"; };
		CEC029B5228564FC00670037 /* UpViewController.swift */ = {isa = PBXFileReference; lastKnownFileType = sourcecode.swift; path = UpViewController.swift; sourceTree = "<group>"; };
		CEC029B72285650600670037 /* UnderViewController.swift */ = {isa = PBXFileReference; lastKnownFileType = sourcecode.swift; path = UnderViewController.swift; sourceTree = "<group>"; };
/* End PBXFileReference section */

/* Begin PBXFrameworksBuildPhase section */
		CEC0297E2285646D00670037 /* Frameworks */ = {
			isa = PBXFrameworksBuildPhase;
			buildActionMask = 2147483647;
			files = (
			);
			runOnlyForDeploymentPostprocessing = 0;
		};
		CEC029952285646E00670037 /* Frameworks */ = {
			isa = PBXFrameworksBuildPhase;
			buildActionMask = 2147483647;
			files = (
			);
			runOnlyForDeploymentPostprocessing = 0;
		};
		CEC029A02285646E00670037 /* Frameworks */ = {
			isa = PBXFrameworksBuildPhase;
			buildActionMask = 2147483647;
			files = (
			);
			runOnlyForDeploymentPostprocessing = 0;
		};
/* End PBXFrameworksBuildPhase section */

/* Begin PBXGroup section */
		CEC029782285646D00670037 = {
			isa = PBXGroup;
			children = (
				CEC029832285646D00670037 /* PassDataUsingClosure1 */,
				CEC0299B2285646E00670037 /* PassDataUsingClosure1Tests */,
				CEC029A62285646E00670037 /* PassDataUsingClosure1UITests */,
				CEC029822285646D00670037 /* Products */,
			);
			sourceTree = "<group>";
		};
		CEC029822285646D00670037 /* Products */ = {
			isa = PBXGroup;
			children = (
				CEC029812285646D00670037 /* PassDataUsingClosure1.app */,
				CEC029982285646E00670037 /* PassDataUsingClosure1Tests.xctest */,
				CEC029A32285646E00670037 /* PassDataUsingClosure1UITests.xctest */,
			);
			name = Products;
			sourceTree = "<group>";
		};
		CEC029832285646D00670037 /* PassDataUsingClosure1 */ = {
			isa = PBXGroup;
			children = (
				CEC029842285646D00670037 /* AppDelegate.swift */,
				CEC029862285646D00670037 /* ContainerViewController.swift */,
				CEC029882285646D00670037 /* Main.storyboard */,
				CEC029B5228564FC00670037 /* UpViewController.swift */,
				CEC029B72285650600670037 /* UnderViewController.swift */,
				CEC0298E2285646E00670037 /* Assets.xcassets */,
				CEC029902285646E00670037 /* LaunchScreen.storyboard */,
				CEC029932285646E00670037 /* Info.plist */,
				CEC0298B2285646D00670037 /* PassDataUsingClosure1.xcdatamodeld */,
			);
			path = PassDataUsingClosure1;
			sourceTree = "<group>";
		};
		CEC0299B2285646E00670037 /* PassDataUsingClosure1Tests */ = {
			isa = PBXGroup;
			children = (
				CEC0299C2285646E00670037 /* PassDataUsingClosure1Tests.swift */,
				CEC0299E2285646E00670037 /* Info.plist */,
			);
			path = PassDataUsingClosure1Tests;
			sourceTree = "<group>";
		};
		CEC029A62285646E00670037 /* PassDataUsingClosure1UITests */ = {
			isa = PBXGroup;
			children = (
				CEC029A72285646E00670037 /* PassDataUsingClosure1UITests.swift */,
				CEC029A92285646E00670037 /* Info.plist */,
			);
			path = PassDataUsingClosure1UITests;
			sourceTree = "<group>";
		};
/* End PBXGroup section */

/* Begin PBXNativeTarget section */
		CEC029802285646D00670037 /* PassDataUsingClosure1 */ = {
			isa = PBXNativeTarget;
			buildConfigurationList = CEC029AC2285646E00670037 /* Build configuration list for PBXNativeTarget "PassDataUsingClosure1" */;
			buildPhases = (
				CEC0297D2285646D00670037 /* Sources */,
				CEC0297E2285646D00670037 /* Frameworks */,
				CEC0297F2285646D00670037 /* Resources */,
			);
			buildRules = (
			);
			dependencies = (
			);
			name = PassDataUsingClosure1;
			productName = PassDataUsingClosure1;
			productReference = CEC029812285646D00670037 /* PassDataUsingClosure1.app */;
			productType = "com.apple.product-type.application";
		};
		CEC029972285646E00670037 /* PassDataUsingClosure1Tests */ = {
			isa = PBXNativeTarget;
			buildConfigurationList = CEC029AF2285646E00670037 /* Build configuration list for PBXNativeTarget "PassDataUsingClosure1Tests" */;
			buildPhases = (
				CEC029942285646E00670037 /* Sources */,
				CEC029952285646E00670037 /* Frameworks */,
				CEC029962285646E00670037 /* Resources */,
			);
			buildRules = (
			);
			dependencies = (
				CEC0299A2285646E00670037 /* PBXTargetDependency */,
			);
			name = PassDataUsingClosure1Tests;
			productName = PassDataUsingClosure1Tests;
			productReference = CEC029982285646E00670037 /* PassDataUsingClosure1Tests.xctest */;
			productType = "com.apple.product-type.bundle.unit-test";
		};
		CEC029A22285646E00670037 /* PassDataUsingClosure1UITests */ = {
			isa = PBXNativeTarget;
			buildConfigurationList = CEC029B22285646E00670037 /* Build configuration list for PBXNativeTarget "PassDataUsingClosure1UITests" */;
			buildPhases = (
				CEC0299F2285646E00670037 /* Sources */,
				CEC029A02285646E00670037 /* Frameworks */,
				CEC029A12285646E00670037 /* Resources */,
			);
			buildRules = (
			);
			dependencies = (
				CEC029A52285646E00670037 /* PBXTargetDependency */,
			);
			name = PassDataUsingClosure1UITests;
			productName = PassDataUsingClosure1UITests;
			productReference = CEC029A32285646E00670037 /* PassDataUsingClosure1UITests.xctest */;
			productType = "com.apple.product-type.bundle.ui-testing";
		};
/* End PBXNativeTarget section */

/* Begin PBXProject section */
		CEC029792285646D00670037 /* Project object */ = {
			isa = PBXProject;
			attributes = {
				LastSwiftUpdateCheck = 1000;
				LastUpgradeCheck = 1000;
				ORGANIZATIONNAME = duycuong;
				TargetAttributes = {
					CEC029802285646D00670037 = {
						CreatedOnToolsVersion = 10.0;
					};
					CEC029972285646E00670037 = {
						CreatedOnToolsVersion = 10.0;
						TestTargetID = CEC029802285646D00670037;
					};
					CEC029A22285646E00670037 = {
						CreatedOnToolsVersion = 10.0;
						TestTargetID = CEC029802285646D00670037;
					};
				};
			};
			buildConfigurationList = CEC0297C2285646D00670037 /* Build configuration list for PBXProject "PassDataUsingClosure1" */;
			compatibilityVersion = "Xcode 9.3";
			developmentRegion = en;
			hasScannedForEncodings = 0;
			knownRegions = (
				en,
				Base,
			);
			mainGroup = CEC029782285646D00670037;
			productRefGroup = CEC029822285646D00670037 /* Products */;
			projectDirPath = "";
			projectRoot = "";
			targets = (
				CEC029802285646D00670037 /* PassDataUsingClosure1 */,
				CEC029972285646E00670037 /* PassDataUsingClosure1Tests */,
				CEC029A22285646E00670037 /* PassDataUsingClosure1UITests */,
			);
		};
/* End PBXProject section */

/* Begin PBXResourcesBuildPhase section */
		CEC0297F2285646D00670037 /* Resources */ = {
			isa = PBXResourcesBuildPhase;
			buildActionMask = 2147483647;
			files = (
				CEC029922285646E00670037 /* LaunchScreen.storyboard in Resources */,
				CEC0298F2285646E00670037 /* Assets.xcassets in Resources */,
				CEC0298A2285646D00670037 /* Main.storyboard in Resources */,
			);
			runOnlyForDeploymentPostprocessing = 0;
		};
		CEC029962285646E00670037 /* Resources */ = {
			isa = PBXResourcesBuildPhase;
			buildActionMask = 2147483647;
			files = (
			);
			runOnlyForDeploymentPostprocessing = 0;
		};
		CEC029A12285646E00670037 /* Resources */ = {
			isa = PBXResourcesBuildPhase;
			buildActionMask = 2147483647;
			files = (
			);
			runOnlyForDeploymentPostprocessing = 0;
		};
/* End PBXResourcesBuildPhase section */

/* Begin PBXSourcesBuildPhase section */
		CEC0297D2285646D00670037 /* Sources */ = {
			isa = PBXSourcesBuildPhase;
			buildActionMask = 2147483647;
			files = (
				CEC0298D2285646D00670037 /* PassDataUsingClosure1.xcdatamodeld in Sources */,
				CEC029B6228564FC00670037 /* UpViewController.swift in Sources */,
				CEC029872285646D00670037 /* ContainerViewController.swift in Sources */,
				CEC029852285646D00670037 /* AppDelegate.swift in Sources */,
				CEC029B82285650600670037 /* UnderViewController.swift in Sources */,
			);
			runOnlyForDeploymentPostprocessing = 0;
		};
		CEC029942285646E00670037 /* Sources */ = {
			isa = PBXSourcesBuildPhase;
			buildActionMask = 2147483647;
			files = (
				CEC0299D2285646E00670037 /* PassDataUsingClosure1Tests.swift in Sources */,
			);
			runOnlyForDeploymentPostprocessing = 0;
		};
		CEC0299F2285646E00670037 /* Sources */ = {
			isa = PBXSourcesBuildPhase;
			buildActionMask = 2147483647;
			files = (
				CEC029A82285646E00670037 /* PassDataUsingClosure1UITests.swift in Sources */,
			);
			runOnlyForDeploymentPostprocessing = 0;
		};
/* End PBXSourcesBuildPhase section */

/* Begin PBXTargetDependency section */
		CEC0299A2285646E00670037 /* PBXTargetDependency */ = {
			isa = PBXTargetDependency;
			target = CEC029802285646D00670037 /* PassDataUsingClosure1 */;
			targetProxy = CEC029992285646E00670037 /* PBXContainerItemProxy */;
		};
		CEC029A52285646E00670037 /* PBXTargetDependency */ = {
			isa = PBXTargetDependency;
			target = CEC029802285646D00670037 /* PassDataUsingClosure1 */;
			targetProxy = CEC029A42285646E00670037 /* PBXContainerItemProxy */;
		};
/* End PBXTargetDependency section */

/* Begin PBXVariantGroup section */
		CEC029882285646D00670037 /* Main.storyboard */ = {
			isa = PBXVariantGroup;
			children = (
				CEC029892285646D00670037 /* Base */,
			);
			name = Main.storyboard;
			sourceTree = "<group>";
		};
		CEC029902285646E00670037 /* LaunchScreen.storyboard */ = {
			isa = PBXVariantGroup;
			children = (
				CEC029912285646E00670037 /* Base */,
			);
			name = LaunchScreen.storyboard;
			sourceTree = "<group>";
		};
/* End PBXVariantGroup section */

/* Begin XCBuildConfiguration section */
		CEC029AA2285646E00670037 /* Debug */ = {
			isa = XCBuildConfiguration;
			buildSettings = {
				ALWAYS_SEARCH_USER_PATHS = NO;
				CLANG_ANALYZER_NONNULL = YES;
				CLANG_ANALYZER_NUMBER_OBJECT_CONVERSION = YES_AGGRESSIVE;
				CLANG_CXX_LANGUAGE_STANDARD = "gnu++14";
				CLANG_CXX_LIBRARY = "libc++";
				CLANG_ENABLE_MODULES = YES;
				CLANG_ENABLE_OBJC_ARC = YES;
				CLANG_ENABLE_OBJC_WEAK = YES;
				CLANG_WARN_BLOCK_CAPTURE_AUTORELEASING = YES;
				CLANG_WARN_BOOL_CONVERSION = YES;
				CLANG_WARN_COMMA = YES;
				CLANG_WARN_CONSTANT_CONVERSION = YES;
				CLANG_WARN_DEPRECATED_OBJC_IMPLEMENTATIONS = YES;
				CLANG_WARN_DIRECT_OBJC_ISA_USAGE = YES_ERROR;
				CLANG_WARN_DOCUMENTATION_COMMENTS = YES;
				CLANG_WARN_EMPTY_BODY = YES;
				CLANG_WARN_ENUM_CONVERSION = YES;
				CLANG_WARN_INFINITE_RECURSION = YES;
				CLANG_WARN_INT_CONVERSION = YES;
				CLANG_WARN_NON_LITERAL_NULL_CONVERSION = YES;
				CLANG_WARN_OBJC_IMPLICIT_RETAIN_SELF = YES;
				CLANG_WARN_OBJC_LITERAL_CONVERSION = YES;
				CLANG_WARN_OBJC_ROOT_CLASS = YES_ERROR;
				CLANG_WARN_RANGE_LOOP_ANALYSIS = YES;
				CLANG_WARN_STRICT_PROTOTYPES = YES;
				CLANG_WARN_SUSPICIOUS_MOVE = YES;
				CLANG_WARN_UNGUARDED_AVAILABILITY = YES_AGGRESSIVE;
				CLANG_WARN_UNREACHABLE_CODE = YES;
				CLANG_WARN__DUPLICATE_METHOD_MATCH = YES;
				CODE_SIGN_IDENTITY = "iPhone Developer";
				COPY_PHASE_STRIP = NO;
				DEBUG_INFORMATION_FORMAT = dwarf;
				ENABLE_STRICT_OBJC_MSGSEND = YES;
				ENABLE_TESTABILITY = YES;
				GCC_C_LANGUAGE_STANDARD = gnu11;
				GCC_DYNAMIC_NO_PIC = NO;
				GCC_NO_COMMON_BLOCKS = YES;
				GCC_OPTIMIZATION_LEVEL = 0;
				GCC_PREPROCESSOR_DEFINITIONS = (
					"DEBUG=1",
					"$(inherited)",
				);
				GCC_WARN_64_TO_32_BIT_CONVERSION = YES;
				GCC_WARN_ABOUT_RETURN_TYPE = YES_ERROR;
				GCC_WARN_UNDECLARED_SELECTOR = YES;
				GCC_WARN_UNINITIALIZED_AUTOS = YES_AGGRESSIVE;
				GCC_WARN_UNUSED_FUNCTION = YES;
				GCC_WARN_UNUSED_VARIABLE = YES;
				IPHONEOS_DEPLOYMENT_TARGET = 12.0;
				MTL_ENABLE_DEBUG_INFO = INCLUDE_SOURCE;
				MTL_FAST_MATH = YES;
				ONLY_ACTIVE_ARCH = YES;
				SDKROOT = iphoneos;
				SWIFT_ACTIVE_COMPILATION_CONDITIONS = DEBUG;
				SWIFT_OPTIMIZATION_LEVEL = "-Onone";
			};
			name = Debug;
		};
		CEC029AB2285646E00670037 /* Release */ = {
			isa = XCBuildConfiguration;
			buildSettings = {
				ALWAYS_SEARCH_USER_PATHS = NO;
				CLANG_ANALYZER_NONNULL = YES;
				CLANG_ANALYZER_NUMBER_OBJECT_CONVERSION = YES_AGGRESSIVE;
				CLANG_CXX_LANGUAGE_STANDARD = "gnu++14";
				CLANG_CXX_LIBRARY = "libc++";
				CLANG_ENABLE_MODULES = YES;
				CLANG_ENABLE_OBJC_ARC = YES;
				CLANG_ENABLE_OBJC_WEAK = YES;
				CLANG_WARN_BLOCK_CAPTURE_AUTORELEASING = YES;
				CLANG_WARN_BOOL_CONVERSION = YES;
				CLANG_WARN_COMMA = YES;
				CLANG_WARN_CONSTANT_CONVERSION = YES;
				CLANG_WARN_DEPRECATED_OBJC_IMPLEMENTATIONS = YES;
				CLANG_WARN_DIRECT_OBJC_ISA_USAGE = YES_ERROR;
				CLANG_WARN_DOCUMENTATION_COMMENTS = YES;
				CLANG_WARN_EMPTY_BODY = YES;
				CLANG_WARN_ENUM_CONVERSION = YES;
				CLANG_WARN_INFINITE_RECURSION = YES;
				CLANG_WARN_INT_CONVERSION = YES;
				CLANG_WARN_NON_LITERAL_NULL_CONVERSION = YES;
				CLANG_WARN_OBJC_IMPLICIT_RETAIN_SELF = YES;
				CLANG_WARN_OBJC_LITERAL_CONVERSION = YES;
				CLANG_WARN_OBJC_ROOT_CLASS = YES_ERROR;
				CLANG_WARN_RANGE_LOOP_ANALYSIS = YES;
				CLANG_WARN_STRICT_PROTOTYPES = YES;
				CLANG_WARN_SUSPICIOUS_MOVE = YES;
				CLANG_WARN_UNGUARDED_AVAILABILITY = YES_AGGRESSIVE;
				CLANG_WARN_UNREACHABLE_CODE = YES;
				CLANG_WARN__DUPLICATE_METHOD_MATCH = YES;
				CODE_SIGN_IDENTITY = "iPhone Developer";
				COPY_PHASE_STRIP = NO;
				DEBUG_INFORMATION_FORMAT = "dwarf-with-dsym";
				ENABLE_NS_ASSERTIONS = NO;
				ENABLE_STRICT_OBJC_MSGSEND = YES;
				GCC_C_LANGUAGE_STANDARD = gnu11;
				GCC_NO_COMMON_BLOCKS = YES;
				GCC_WARN_64_TO_32_BIT_CONVERSION = YES;
				GCC_WARN_ABOUT_RETURN_TYPE = YES_ERROR;
				GCC_WARN_UNDECLARED_SELECTOR = YES;
				GCC_WARN_UNINITIALIZED_AUTOS = YES_AGGRESSIVE;
				GCC_WARN_UNUSED_FUNCTION = YES;
				GCC_WARN_UNUSED_VARIABLE = YES;
				IPHONEOS_DEPLOYMENT_TARGET = 12.0;
				MTL_ENABLE_DEBUG_INFO = NO;
				MTL_FAST_MATH = YES;
				SDKROOT = iphoneos;
				SWIFT_COMPILATION_MODE = wholemodule;
				SWIFT_OPTIMIZATION_LEVEL = "-O";
				VALIDATE_PRODUCT = YES;
			};
			name = Release;
		};
		CEC029AD2285646E00670037 /* Debug */ = {
			isa = XCBuildConfiguration;
			buildSettings = {
				ASSETCATALOG_COMPILER_APPICON_NAME = AppIcon;
				CODE_SIGN_STYLE = Automatic;
				INFOPLIST_FILE = PassDataUsingClosure1/Info.plist;
				LD_RUNPATH_SEARCH_PATHS = (
					"$(inherited)",
					"@executable_path/Frameworks",
				);
				PRODUCT_BUNDLE_IDENTIFIER = duycuongB0.PassDataUsingClosure1;
				PRODUCT_NAME = "$(TARGET_NAME)";
				SWIFT_VERSION = 4.2;
				TARGETED_DEVICE_FAMILY = "1,2";
			};
			name = Debug;
		};
		CEC029AE2285646E00670037 /* Release */ = {
			isa = XCBuildConfiguration;
			buildSettings = {
				ASSETCATALOG_COMPILER_APPICON_NAME = AppIcon;
				CODE_SIGN_STYLE = Automatic;
				INFOPLIST_FILE = PassDataUsingClosure1/Info.plist;
				LD_RUNPATH_SEARCH_PATHS = (
					"$(inherited)",
					"@executable_path/Frameworks",
				);
				PRODUCT_BUNDLE_IDENTIFIER = duycuongB0.PassDataUsingClosure1;
				PRODUCT_NAME = "$(TARGET_NAME)";
				SWIFT_VERSION = 4.2;
				TARGETED_DEVICE_FAMILY = "1,2";
			};
			name = Release;
		};
		CEC029B02285646E00670037 /* Debug */ = {
			isa = XCBuildConfiguration;
			buildSettings = {
				ALWAYS_EMBED_SWIFT_STANDARD_LIBRARIES = YES;
				BUNDLE_LOADER = "$(TEST_HOST)";
				CODE_SIGN_STYLE = Automatic;
				INFOPLIST_FILE = PassDataUsingClosure1Tests/Info.plist;
				LD_RUNPATH_SEARCH_PATHS = (
					"$(inherited)",
					"@executable_path/Frameworks",
					"@loader_path/Frameworks",
				);
				PRODUCT_BUNDLE_IDENTIFIER = duycuongB0.PassDataUsingClosure1Tests;
				PRODUCT_NAME = "$(TARGET_NAME)";
				SWIFT_VERSION = 4.2;
				TARGETED_DEVICE_FAMILY = "1,2";
				TEST_HOST = "$(BUILT_PRODUCTS_DIR)/PassDataUsingClosure1.app/PassDataUsingClosure1";
			};
			name = Debug;
		};
		CEC029B12285646E00670037 /* Release */ = {
			isa = XCBuildConfiguration;
			buildSettings = {
				ALWAYS_EMBED_SWIFT_STANDARD_LIBRARIES = YES;
				BUNDLE_LOADER = "$(TEST_HOST)";
				CODE_SIGN_STYLE = Automatic;
				INFOPLIST_FILE = PassDataUsingClosure1Tests/Info.plist;
				LD_RUNPATH_SEARCH_PATHS = (
					"$(inherited)",
					"@executable_path/Frameworks",
					"@loader_path/Frameworks",
				);
				PRODUCT_BUNDLE_IDENTIFIER = duycuongB0.PassDataUsingClosure1Tests;
				PRODUCT_NAME = "$(TARGET_NAME)";
				SWIFT_VERSION = 4.2;
				TARGETED_DEVICE_FAMILY = "1,2";
				TEST_HOST = "$(BUILT_PRODUCTS_DIR)/PassDataUsingClosure1.app/PassDataUsingClosure1";
			};
			name = Release;
		};
		CEC029B32285646E00670037 /* Debug */ = {
			isa = XCBuildConfiguration;
			buildSettings = {
				ALWAYS_EMBED_SWIFT_STANDARD_LIBRARIES = YES;
				CODE_SIGN_STYLE = Automatic;
				INFOPLIST_FILE = PassDataUsingClosure1UITests/Info.plist;
				LD_RUNPATH_SEARCH_PATHS = (
					"$(inherited)",
					"@executable_path/Frameworks",
					"@loader_path/Frameworks",
				);
				PRODUCT_BUNDLE_IDENTIFIER = duycuongB0.PassDataUsingClosure1UITests;
				PRODUCT_NAME = "$(TARGET_NAME)";
				SWIFT_VERSION = 4.2;
				TARGETED_DEVICE_FAMILY = "1,2";
				TEST_TARGET_NAME = PassDataUsingClosure1;
			};
			name = Debug;
		};
		CEC029B42285646E00670037 /* Release */ = {
			isa = XCBuildConfiguration;
			buildSettings = {
				ALWAYS_EMBED_SWIFT_STANDARD_LIBRARIES = YES;
				CODE_SIGN_STYLE = Automatic;
				INFOPLIST_FILE = PassDataUsingClosure1UITests/Info.plist;
				LD_RUNPATH_SEARCH_PATHS = (
					"$(inherited)",
					"@executable_path/Frameworks",
					"@loader_path/Frameworks",
				);
				PRODUCT_BUNDLE_IDENTIFIER = duycuongB0.PassDataUsingClosure1UITests;
				PRODUCT_NAME = "$(TARGET_NAME)";
				SWIFT_VERSION = 4.2;
				TARGETED_DEVICE_FAMILY = "1,2";
				TEST_TARGET_NAME = PassDataUsingClosure1;
			};
			name = Release;
		};
/* End XCBuildConfiguration section */

/* Begin XCConfigurationList section */
		CEC0297C2285646D00670037 /* Build configuration list for PBXProject "PassDataUsingClosure1" */ = {
			isa = XCConfigurationList;
			buildConfigurations = (
				CEC029AA2285646E00670037 /* Debug */,
				CEC029AB2285646E00670037 /* Release */,
			);
			defaultConfigurationIsVisible = 0;
			defaultConfigurationName = Release;
		};
		CEC029AC2285646E00670037 /* Build configuration list for PBXNativeTarget "PassDataUsingClosure1" */ = {
			isa = XCConfigurationList;
			buildConfigurations = (
				CEC029AD2285646E00670037 /* Debug */,
				CEC029AE2285646E00670037 /* Release */,
			);
			defaultConfigurationIsVisible = 0;
			defaultConfigurationName = Release;
		};
		CEC029AF2285646E00670037 /* Build configuration list for PBXNativeTarget "PassDataUsingClosure1Tests" */ = {
			isa = XCConfigurationList;
			buildConfigurations = (
				CEC029B02285646E00670037 /* Debug */,
				CEC029B12285646E00670037 /* Release */,
			);
			defaultConfigurationIsVisible = 0;
			defaultConfigurationName = Release;
		};
		CEC029B22285646E00670037 /* Build configuration list for PBXNativeTarget "PassDataUsingClosure1UITests" */ = {
			isa = XCConfigurationList;
			buildConfigurations = (
				CEC029B32285646E00670037 /* Debug */,
				CEC029B42285646E00670037 /* Release */,
			);
			defaultConfigurationIsVisible = 0;
			defaultConfigurationName = Release;
		};
/* End XCConfigurationList section */

/* Begin XCVersionGroup section */
		CEC0298B2285646D00670037 /* PassDataUsingClosure1.xcdatamodeld */ = {
			isa = XCVersionGroup;
			children = (
				CEC0298C2285646D00670037 /* PassDataUsingClosure1.xcdatamodel */,
			);
			currentVersion = CEC0298C2285646D00670037 /* PassDataUsingClosure1.xcdatamodel */;
			path = PassDataUsingClosure1.xcdatamodeld;
			sourceTree = "<group>";
			versionGroupType = wrapper.xcdatamodel;
		};
/* End XCVersionGroup section */
	};
	rootObject = CEC029792285646D00670037 /* Project object */;
}
